// !$*UTF8*$!
{
	archiveVersion = 1;
	classes = {
	};
	objectVersion = 56;
	objects = {

/* Begin PBXBuildFile section */
		65365FD229953463003B0840 /* Notes.swift in Sources */ = {isa = PBXBuildFile; fileRef = 65365FD129953463003B0840 /* Notes.swift */; };
		65CF835229910FB300D31E5D /* AppDelegate.swift in Sources */ = {isa = PBXBuildFile; fileRef = 65CF835129910FB300D31E5D /* AppDelegate.swift */; };
		65CF835429910FB300D31E5D /* SceneDelegate.swift in Sources */ = {isa = PBXBuildFile; fileRef = 65CF835329910FB300D31E5D /* SceneDelegate.swift */; };
		65CF835629910FB300D31E5D /* ViewController.swift in Sources */ = {isa = PBXBuildFile; fileRef = 65CF835529910FB300D31E5D /* ViewController.swift */; };
		65CF835929910FB300D31E5D /* Main.storyboard in Resources */ = {isa = PBXBuildFile; fileRef = 65CF835729910FB300D31E5D /* Main.storyboard */; };
		65CF835B29910FB500D31E5D /* Assets.xcassets in Resources */ = {isa = PBXBuildFile; fileRef = 65CF835A29910FB500D31E5D /* Assets.xcassets */; };
		65CF835E29910FB500D31E5D /* LaunchScreen.storyboard in Resources */ = {isa = PBXBuildFile; fileRef = 65CF835C29910FB500D31E5D /* LaunchScreen.storyboard */; };
		65CF83682991325200D31E5D /* Note.swift in Sources */ = {isa = PBXBuildFile; fileRef = 65CF83672991325200D31E5D /* Note.swift */; };
		65CF836C2991382300D31E5D /* notes.json in Resources */ = {isa = PBXBuildFile; fileRef = 65CF836B2991339E00D31E5D /* notes.json */; };
		65CF837129913AE500D31E5D /* NoteCell.swift in Sources */ = {isa = PBXBuildFile; fileRef = 65CF836F29913AE500D31E5D /* NoteCell.swift */; };
		65CF837229913AE500D31E5D /* NoteCell.xib in Resources */ = {isa = PBXBuildFile; fileRef = 65CF837029913AE500D31E5D /* NoteCell.xib */; };
		65CF837429913F7000D31E5D /* DetailVC.swift in Sources */ = {isa = PBXBuildFile; fileRef = 65CF837329913F7000D31E5D /* DetailVC.swift */; };
/* End PBXBuildFile section */

/* Begin PBXFileReference section */
		65365FD129953463003B0840 /* Notes.swift */ = {isa = PBXFileReference; lastKnownFileType = sourcecode.swift; path = Notes.swift; sourceTree = "<group>"; };
		65CF834E29910FB300D31E5D /* Milestone19-21.app */ = {isa = PBXFileReference; explicitFileType = wrapper.application; includeInIndex = 0; path = "Milestone19-21.app"; sourceTree = BUILT_PRODUCTS_DIR; };
		65CF835129910FB300D31E5D /* AppDelegate.swift */ = {isa = PBXFileReference; lastKnownFileType = sourcecode.swift; path = AppDelegate.swift; sourceTree = "<group>"; };
		65CF835329910FB300D31E5D /* SceneDelegate.swift */ = {isa = PBXFileReference; lastKnownFileType = sourcecode.swift; path = SceneDelegate.swift; sourceTree = "<group>"; };
		65CF835529910FB300D31E5D /* ViewController.swift */ = {isa = PBXFileReference; lastKnownFileType = sourcecode.swift; path = ViewController.swift; sourceTree = "<group>"; };
		65CF835829910FB300D31E5D /* Base */ = {isa = PBXFileReference; lastKnownFileType = file.storyboard; name = Base; path = Base.lproj/Main.storyboard; sourceTree = "<group>"; };
		65CF835A29910FB500D31E5D /* Assets.xcassets */ = {isa = PBXFileReference; lastKnownFileType = folder.assetcatalog; path = Assets.xcassets; sourceTree = "<group>"; };
		65CF835D29910FB500D31E5D /* Base */ = {isa = PBXFileReference; lastKnownFileType = file.storyboard; name = Base; path = Base.lproj/LaunchScreen.storyboard; sourceTree = "<group>"; };
		65CF835F29910FB500D31E5D /* Info.plist */ = {isa = PBXFileReference; lastKnownFileType = text.plist.xml; path = Info.plist; sourceTree = "<group>"; };
		65CF83672991325200D31E5D /* Note.swift */ = {isa = PBXFileReference; lastKnownFileType = sourcecode.swift; path = Note.swift; sourceTree = "<group>"; };
		65CF836B2991339E00D31E5D /* notes.json */ = {isa = PBXFileReference; lastKnownFileType = text.json; path = notes.json; sourceTree = "<group>"; };
		65CF836F29913AE500D31E5D /* NoteCell.swift */ = {isa = PBXFileReference; lastKnownFileType = sourcecode.swift; path = NoteCell.swift; sourceTree = "<group>"; };
		65CF837029913AE500D31E5D /* NoteCell.xib */ = {isa = PBXFileReference; lastKnownFileType = file.xib; path = NoteCell.xib; sourceTree = "<group>"; };
		65CF837329913F7000D31E5D /* DetailVC.swift */ = {isa = PBXFileReference; lastKnownFileType = sourcecode.swift; path = DetailVC.swift; sourceTree = "<group>"; };
/* End PBXFileReference section */

/* Begin PBXFrameworksBuildPhase section */
		65CF834B29910FB300D31E5D /* Frameworks */ = {
			isa = PBXFrameworksBuildPhase;
			buildActionMask = 2147483647;
			files = (
			);
			runOnlyForDeploymentPostprocessing = 0;
		};
/* End PBXFrameworksBuildPhase section */

/* Begin PBXGroup section */
		65CF834529910FB300D31E5D = {
			isa = PBXGroup;
			children = (
				65CF835029910FB300D31E5D /* Milestone19-21 */,
				65CF834F29910FB300D31E5D /* Products */,
			);
			sourceTree = "<group>";
		};
		65CF834F29910FB300D31E5D /* Products */ = {
			isa = PBXGroup;
			children = (
				65CF834E29910FB300D31E5D /* Milestone19-21.app */,
			);
			name = Products;
			sourceTree = "<group>";
		};
		65CF835029910FB300D31E5D /* Milestone19-21 */ = {
			isa = PBXGroup;
			children = (
				65CF835129910FB300D31E5D /* AppDelegate.swift */,
				65CF835329910FB300D31E5D /* SceneDelegate.swift */,
				65CF835529910FB300D31E5D /* ViewController.swift */,
				65CF837329913F7000D31E5D /* DetailVC.swift */,
				65365FD129953463003B0840 /* Notes.swift */,
				65CF83672991325200D31E5D /* Note.swift */,
				65CF836F29913AE500D31E5D /* NoteCell.swift */,
				65CF837029913AE500D31E5D /* NoteCell.xib */,
				65CF835729910FB300D31E5D /* Main.storyboard */,
				65CF835A29910FB500D31E5D /* Assets.xcassets */,
				65CF835C29910FB500D31E5D /* LaunchScreen.storyboard */,
				65CF835F29910FB500D31E5D /* Info.plist */,
				65CF836B2991339E00D31E5D /* notes.json */,
			);
			path = "Milestone19-21";
			sourceTree = "<group>";
		};
/* End PBXGroup section */

/* Begin PBXNativeTarget section */
		65CF834D29910FB300D31E5D /* Milestone19-21 */ = {
			isa = PBXNativeTarget;
			buildConfigurationList = 65CF836229910FB500D31E5D /* Build configuration list for PBXNativeTarget "Milestone19-21" */;
			buildPhases = (
				65CF834A29910FB300D31E5D /* Sources */,
				65CF834B29910FB300D31E5D /* Frameworks */,
				65CF834C29910FB300D31E5D /* Resources */,
			);
			buildRules = (
			);
			dependencies = (
			);
			name = "Milestone19-21";
			productName = "Milestone19-21";
			productReference = 65CF834E29910FB300D31E5D /* Milestone19-21.app */;
			productType = "com.apple.product-type.application";
		};
/* End PBXNativeTarget section */

/* Begin PBXProject section */
		65CF834629910FB300D31E5D /* Project object */ = {
			isa = PBXProject;
			attributes = {
				BuildIndependentTargetsInParallel = 1;
				LastSwiftUpdateCheck = 1420;
				LastUpgradeCheck = 1420;
				TargetAttributes = {
					65CF834D29910FB300D31E5D = {
						CreatedOnToolsVersion = 14.2;
					};
				};
			};
			buildConfigurationList = 65CF834929910FB300D31E5D /* Build configuration list for PBXProject "Milestone19-21" */;
			compatibilityVersion = "Xcode 14.0";
			developmentRegion = en;
			hasScannedForEncodings = 0;
			knownRegions = (
				en,
				Base,
			);
			mainGroup = 65CF834529910FB300D31E5D;
			productRefGroup = 65CF834F29910FB300D31E5D /* Products */;
			projectDirPath = "";
			projectRoot = "";
			targets = (
				65CF834D29910FB300D31E5D /* Milestone19-21 */,
			);
		};
/* End PBXProject section */

/* Begin PBXResourcesBuildPhase section */
		65CF834C29910FB300D31E5D /* Resources */ = {
			isa = PBXResourcesBuildPhase;
			buildActionMask = 2147483647;
			files = (
				65CF837229913AE500D31E5D /* NoteCell.xib in Resources */,
				65CF835E29910FB500D31E5D /* LaunchScreen.storyboard in Resources */,
				65CF835B29910FB500D31E5D /* Assets.xcassets in Resources */,
				65CF835929910FB300D31E5D /* Main.storyboard in Resources */,
				65CF836C2991382300D31E5D /* notes.json in Resources */,
			);
			runOnlyForDeploymentPostprocessing = 0;
		};
/* End PBXResourcesBuildPhase section */

/* Begin PBXSourcesBuildPhase section */
		65CF834A29910FB300D31E5D /* Sources */ = {
			isa = PBXSourcesBuildPhase;
			buildActionMask = 2147483647;
			files = (
				65CF83682991325200D31E5D /* Note.swift in Sources */,
				65365FD229953463003B0840 /* Notes.swift in Sources */,
				65CF835629910FB300D31E5D /* ViewController.swift in Sources */,
				65CF835229910FB300D31E5D /* AppDelegate.swift in Sources */,
				65CF835429910FB300D31E5D /* SceneDelegate.swift in Sources */,
				65CF837129913AE500D31E5D /* NoteCell.swift in Sources */,
				65CF837429913F7000D31E5D /* DetailVC.swift in Sources */,
			);
			runOnlyForDeploymentPostprocessing = 0;
		};
/* End PBXSourcesBuildPhase section */

/* Begin PBXVariantGroup section */
		65CF835729910FB300D31E5D /* Main.storyboard */ = {
			isa = PBXVariantGroup;
			children = (
				65CF835829910FB300D31E5D /* Base */,
			);
			name = Main.storyboard;
			sourceTree = "<group>";
		};
		65CF835C29910FB500D31E5D /* LaunchScreen.storyboard */ = {
			isa = PBXVariantGroup;
			children = (
				65CF835D29910FB500D31E5D /* Base */,
			);
			name = LaunchScreen.storyboard;
			sourceTree = "<group>";
		};
/* End PBXVariantGroup section */

/* Begin XCBuildConfiguration section */
		65CF836029910FB500D31E5D /* Debug */ = {
			isa = XCBuildConfiguration;
			buildSettings = {
				ALWAYS_SEARCH_USER_PATHS = NO;
				CLANG_ANALYZER_NONNULL = YES;
				CLANG_ANALYZER_NUMBER_OBJECT_CONVERSION = YES_AGGRESSIVE;
				CLANG_CXX_LANGUAGE_STANDARD = "gnu++20";
				CLANG_ENABLE_MODULES = YES;
				CLANG_ENABLE_OBJC_ARC = YES;
				CLANG_ENABLE_OBJC_WEAK = YES;
				CLANG_WARN_BLOCK_CAPTURE_AUTORELEASING = YES;
				CLANG_WARN_BOOL_CONVERSION = YES;
				CLANG_WARN_COMMA = YES;
				CLANG_WARN_CONSTANT_CONVERSION = YES;
				CLANG_WARN_DEPRECATED_OBJC_IMPLEMENTATIONS = YES;
				CLANG_WARN_DIRECT_OBJC_ISA_USAGE = YES_ERROR;
				CLANG_WARN_DOCUMENTATION_COMMENTS = YES;
				CLANG_WARN_EMPTY_BODY = YES;
				CLANG_WARN_ENUM_CONVERSION = YES;
				CLANG_WARN_INFINITE_RECURSION = YES;
				CLANG_WARN_INT_CONVERSION = YES;
				CLANG_WARN_NON_LITERAL_NULL_CONVERSION = YES;
				CLANG_WARN_OBJC_IMPLICIT_RETAIN_SELF = YES;
				CLANG_WARN_OBJC_LITERAL_CONVERSION = YES;
				CLANG_WARN_OBJC_ROOT_CLASS = YES_ERROR;
				CLANG_WARN_QUOTED_INCLUDE_IN_FRAMEWORK_HEADER = YES;
				CLANG_WARN_RANGE_LOOP_ANALYSIS = YES;
				CLANG_WARN_STRICT_PROTOTYPES = YES;
				CLANG_WARN_SUSPICIOUS_MOVE = YES;
				CLANG_WARN_UNGUARDED_AVAILABILITY = YES_AGGRESSIVE;
				CLANG_WARN_UNREACHABLE_CODE = YES;
				CLANG_WARN__DUPLICATE_METHOD_MATCH = YES;
				COPY_PHASE_STRIP = NO;
				DEBUG_INFORMATION_FORMAT = dwarf;
				ENABLE_STRICT_OBJC_MSGSEND = YES;
				ENABLE_TESTABILITY = YES;
				GCC_C_LANGUAGE_STANDARD = gnu11;
				GCC_DYNAMIC_NO_PIC = NO;
				GCC_NO_COMMON_BLOCKS = YES;
				GCC_OPTIMIZATION_LEVEL = 0;
				GCC_PREPROCESSOR_DEFINITIONS = (
					"DEBUG=1",
					"$(inherited)",
				);
				GCC_WARN_64_TO_32_BIT_CONVERSION = YES;
				GCC_WARN_ABOUT_RETURN_TYPE = YES_ERROR;
				GCC_WARN_UNDECLARED_SELECTOR = YES;
				GCC_WARN_UNINITIALIZED_AUTOS = YES_AGGRESSIVE;
				GCC_WARN_UNUSED_FUNCTION = YES;
				GCC_WARN_UNUSED_VARIABLE = YES;
				IPHONEOS_DEPLOYMENT_TARGET = 16.2;
				MTL_ENABLE_DEBUG_INFO = INCLUDE_SOURCE;
				MTL_FAST_MATH = YES;
				ONLY_ACTIVE_ARCH = YES;
				SDKROOT = iphoneos;
				SWIFT_ACTIVE_COMPILATION_CONDITIONS = DEBUG;
				SWIFT_OPTIMIZATION_LEVEL = "-Onone";
			};
			name = Debug;
		};
		65CF836129910FB500D31E5D /* Release */ = {
			isa = XCBuildConfiguration;
			buildSettings = {
				ALWAYS_SEARCH_USER_PATHS = NO;
				CLANG_ANALYZER_NONNULL = YES;
				CLANG_ANALYZER_NUMBER_OBJECT_CONVERSION = YES_AGGRESSIVE;
				CLANG_CXX_LANGUAGE_STANDARD = "gnu++20";
				CLANG_ENABLE_MODULES = YES;
				CLANG_ENABLE_OBJC_ARC = YES;
				CLANG_ENABLE_OBJC_WEAK = YES;
				CLANG_WARN_BLOCK_CAPTURE_AUTORELEASING = YES;
				CLANG_WARN_BOOL_CONVERSION = YES;
				CLANG_WARN_COMMA = YES;
				CLANG_WARN_CONSTANT_CONVERSION = YES;
				CLANG_WARN_DEPRECATED_OBJC_IMPLEMENTATIONS = YES;
				CLANG_WARN_DIRECT_OBJC_ISA_USAGE = YES_ERROR;
				CLANG_WARN_DOCUMENTATION_COMMENTS = YES;
				CLANG_WARN_EMPTY_BODY = YES;
				CLANG_WARN_ENUM_CONVERSION = YES;
				CLANG_WARN_INFINITE_RECURSION = YES;
				CLANG_WARN_INT_CONVERSION = YES;
				CLANG_WARN_NON_LITERAL_NULL_CONVERSION = YES;
				CLANG_WARN_OBJC_IMPLICIT_RETAIN_SELF = YES;
				CLANG_WARN_OBJC_LITERAL_CONVERSION = YES;
				CLANG_WARN_OBJC_ROOT_CLASS = YES_ERROR;
				CLANG_WARN_QUOTED_INCLUDE_IN_FRAMEWORK_HEADER = YES;
				CLANG_WARN_RANGE_LOOP_ANALYSIS = YES;
				CLANG_WARN_STRICT_PROTOTYPES = YES;
				CLANG_WARN_SUSPICIOUS_MOVE = YES;
				CLANG_WARN_UNGUARDED_AVAILABILITY = YES_AGGRESSIVE;
				CLANG_WARN_UNREACHABLE_CODE = YES;
				CLANG_WARN__DUPLICATE_METHOD_MATCH = YES;
				COPY_PHASE_STRIP = NO;
				DEBUG_INFORMATION_FORMAT = "dwarf-with-dsym";
				ENABLE_NS_ASSERTIONS = NO;
				ENABLE_STRICT_OBJC_MSGSEND = YES;
				GCC_C_LANGUAGE_STANDARD = gnu11;
				GCC_NO_COMMON_BLOCKS = YES;
				GCC_WARN_64_TO_32_BIT_CONVERSION = YES;
				GCC_WARN_ABOUT_RETURN_TYPE = YES_ERROR;
				GCC_WARN_UNDECLARED_SELECTOR = YES;
				GCC_WARN_UNINITIALIZED_AUTOS = YES_AGGRESSIVE;
				GCC_WARN_UNUSED_FUNCTION = YES;
				GCC_WARN_UNUSED_VARIABLE = YES;
				IPHONEOS_DEPLOYMENT_TARGET = 16.2;
				MTL_ENABLE_DEBUG_INFO = NO;
				MTL_FAST_MATH = YES;
				SDKROOT = iphoneos;
				SWIFT_COMPILATION_MODE = wholemodule;
				SWIFT_OPTIMIZATION_LEVEL = "-O";
				VALIDATE_PRODUCT = YES;
			};
			name = Release;
		};
		65CF836329910FB500D31E5D /* Debug */ = {
			isa = XCBuildConfiguration;
			buildSettings = {
				ASSETCATALOG_COMPILER_APPICON_NAME = AppIcon;
				ASSETCATALOG_COMPILER_GLOBAL_ACCENT_COLOR_NAME = AccentColor;
				CODE_SIGN_STYLE = Automatic;
				CURRENT_PROJECT_VERSION = 1;
				DEVELOPMENT_TEAM = B63NCXYEXK;
				GENERATE_INFOPLIST_FILE = YES;
				INFOPLIST_FILE = "Milestone19-21/Info.plist";
				INFOPLIST_KEY_UIApplicationSupportsIndirectInputEvents = YES;
				INFOPLIST_KEY_UILaunchStoryboardName = LaunchScreen;
				INFOPLIST_KEY_UIMainStoryboardFile = Main;
				INFOPLIST_KEY_UISupportedInterfaceOrientations_iPad = "UIInterfaceOrientationPortrait UIInterfaceOrientationPortraitUpsideDown UIInterfaceOrientationLandscapeLeft UIInterfaceOrientationLandscapeRight";
				INFOPLIST_KEY_UISupportedInterfaceOrientations_iPhone = "UIInterfaceOrientationPortrait UIInterfaceOrientationLandscapeLeft UIInterfaceOrientationLandscapeRight";
				LD_RUNPATH_SEARCH_PATHS = (
					"$(inherited)",
					"@executable_path/Frameworks",
				);
				MARKETING_VERSION = 1.0;
				PRODUCT_BUNDLE_IDENTIFIER = "cz.styrax.Milestone19-21";
				PRODUCT_NAME = "$(TARGET_NAME)";
				SWIFT_EMIT_LOC_STRINGS = YES;
				SWIFT_VERSION = 5.0;
				TARGETED_DEVICE_FAMILY = "1,2";
			};
			name = Debug;
		};
		65CF836429910FB500D31E5D /* Release */ = {
			isa = XCBuildConfiguration;
			buildSettings = {
				ASSETCATALOG_COMPILER_APPICON_NAME = AppIcon;
				ASSETCATALOG_COMPILER_GLOBAL_ACCENT_COLOR_NAME = AccentColor;
				CODE_SIGN_STYLE = Automatic;
				CURRENT_PROJECT_VERSION = 1;
				DEVELOPMENT_TEAM = B63NCXYEXK;
				GENERATE_INFOPLIST_FILE = YES;
				INFOPLIST_FILE = "Milestone19-21/Info.plist";
				INFOPLIST_KEY_UIApplicationSupportsIndirectInputEvents = YES;
				INFOPLIST_KEY_UILaunchStoryboardName = LaunchScreen;
				INFOPLIST_KEY_UIMainStoryboardFile = Main;
				INFOPLIST_KEY_UISupportedInterfaceOrientations_iPad = "UIInterfaceOrientationPortrait UIInterfaceOrientationPortraitUpsideDown UIInterfaceOrientationLandscapeLeft UIInterfaceOrientationLandscapeRight";
				INFOPLIST_KEY_UISupportedInterfaceOrientations_iPhone = "UIInterfaceOrientationPortrait UIInterfaceOrientationLandscapeLeft UIInterfaceOrientationLandscapeRight";
				LD_RUNPATH_SEARCH_PATHS = (
					"$(inherited)",
					"@executable_path/Frameworks",
				);
				MARKETING_VERSION = 1.0;
				PRODUCT_BUNDLE_IDENTIFIER = "cz.styrax.Milestone19-21";
				PRODUCT_NAME = "$(TARGET_NAME)";
				SWIFT_EMIT_LOC_STRINGS = YES;
				SWIFT_VERSION = 5.0;
				TARGETED_DEVICE_FAMILY = "1,2";
			};
			name = Release;
		};
/* End XCBuildConfiguration section */

/* Begin XCConfigurationList section */
		65CF834929910FB300D31E5D /* Build configuration list for PBXProject "Milestone19-21" */ = {
			isa = XCConfigurationList;
			buildConfigurations = (
				65CF836029910FB500D31E5D /* Debug */,
				65CF836129910FB500D31E5D /* Release */,
			);
			defaultConfigurationIsVisible = 0;
			defaultConfigurationName = Release;
		};
		65CF836229910FB500D31E5D /* Build configuration list for PBXNativeTarget "Milestone19-21" */ = {
			isa = XCConfigurationList;
			buildConfigurations = (
				65CF836329910FB500D31E5D /* Debug */,
				65CF836429910FB500D31E5D /* Release */,
			);
			defaultConfigurationIsVisible = 0;
			defaultConfigurationName = Release;
		};
/* End XCConfigurationList section */
	};
	rootObject = 65CF834629910FB300D31E5D /* Project object */;
}
