// !$*UTF8*$!
{
	archiveVersion = 1;
	classes = {
	};
	objectVersion = 56;
	objects = {

/* Begin PBXBuildFile section */
		6514183A29773DC300A6064A /* ActionsViewController.swift in Sources */ = {isa = PBXBuildFile; fileRef = 6514183929773DC300A6064A /* ActionsViewController.swift */; };
		65BFD827294AEB4F00D1D2A1 /* AppDelegate.swift in Sources */ = {isa = PBXBuildFile; fileRef = 65BFD826294AEB4F00D1D2A1 /* AppDelegate.swift */; };
		65BFD829294AEB4F00D1D2A1 /* SceneDelegate.swift in Sources */ = {isa = PBXBuildFile; fileRef = 65BFD828294AEB4F00D1D2A1 /* SceneDelegate.swift */; };
		65BFD82B294AEB4F00D1D2A1 /* ViewController.swift in Sources */ = {isa = PBXBuildFile; fileRef = 65BFD82A294AEB4F00D1D2A1 /* ViewController.swift */; };
		65BFD82E294AEB4F00D1D2A1 /* Main.storyboard in Resources */ = {isa = PBXBuildFile; fileRef = 65BFD82C294AEB4F00D1D2A1 /* Main.storyboard */; };
		65BFD830294AEB5100D1D2A1 /* Assets.xcassets in Resources */ = {isa = PBXBuildFile; fileRef = 65BFD82F294AEB5100D1D2A1 /* Assets.xcassets */; };
		65BFD833294AEB5100D1D2A1 /* LaunchScreen.storyboard in Resources */ = {isa = PBXBuildFile; fileRef = 65BFD831294AEB5100D1D2A1 /* LaunchScreen.storyboard */; };
		65BFD841294AF6B000D1D2A1 /* UniformTypeIdentifiers.framework in Frameworks */ = {isa = PBXBuildFile; fileRef = 65BFD840294AF6AF00D1D2A1 /* UniformTypeIdentifiers.framework */; };
		65BFD844294AF6B000D1D2A1 /* Media.xcassets in Resources */ = {isa = PBXBuildFile; fileRef = 65BFD843294AF6B000D1D2A1 /* Media.xcassets */; };
		65BFD846294AF6B000D1D2A1 /* ActionViewController.swift in Sources */ = {isa = PBXBuildFile; fileRef = 65BFD845294AF6B000D1D2A1 /* ActionViewController.swift */; };
		65BFD849294AF6B000D1D2A1 /* MainInterface.storyboard in Resources */ = {isa = PBXBuildFile; fileRef = 65BFD847294AF6B000D1D2A1 /* MainInterface.storyboard */; };
		65BFD84D294AF6B000D1D2A1 /* Extension.appex in Embed Foundation Extensions */ = {isa = PBXBuildFile; fileRef = 65BFD83E294AF6AF00D1D2A1 /* Extension.appex */; settings = {ATTRIBUTES = (RemoveHeadersOnCopy, ); }; };
		65BFD853294AFFE400D1D2A1 /* Action.js in Resources */ = {isa = PBXBuildFile; fileRef = 65BFD852294AFFE400D1D2A1 /* Action.js */; };
/* End PBXBuildFile section */

/* Begin PBXContainerItemProxy section */
		65BFD84B294AF6B000D1D2A1 /* PBXContainerItemProxy */ = {
			isa = PBXContainerItemProxy;
			containerPortal = 65BFD81B294AEB4F00D1D2A1 /* Project object */;
			proxyType = 1;
			remoteGlobalIDString = 65BFD83D294AF6AF00D1D2A1;
			remoteInfo = Extension;
		};
/* End PBXContainerItemProxy section */

/* Begin PBXCopyFilesBuildPhase section */
		65BFD851294AF6B000D1D2A1 /* Embed Foundation Extensions */ = {
			isa = PBXCopyFilesBuildPhase;
			buildActionMask = 2147483647;
			dstPath = "";
			dstSubfolderSpec = 13;
			files = (
				65BFD84D294AF6B000D1D2A1 /* Extension.appex in Embed Foundation Extensions */,
			);
			name = "Embed Foundation Extensions";
			runOnlyForDeploymentPostprocessing = 0;
		};
/* End PBXCopyFilesBuildPhase section */

/* Begin PBXFileReference section */
		6514183929773DC300A6064A /* ActionsViewController.swift */ = {isa = PBXFileReference; lastKnownFileType = sourcecode.swift; path = ActionsViewController.swift; sourceTree = "<group>"; };
		65BFD823294AEB4F00D1D2A1 /* Project19.app */ = {isa = PBXFileReference; explicitFileType = wrapper.application; includeInIndex = 0; path = Project19.app; sourceTree = BUILT_PRODUCTS_DIR; };
		65BFD826294AEB4F00D1D2A1 /* AppDelegate.swift */ = {isa = PBXFileReference; lastKnownFileType = sourcecode.swift; path = AppDelegate.swift; sourceTree = "<group>"; };
		65BFD828294AEB4F00D1D2A1 /* SceneDelegate.swift */ = {isa = PBXFileReference; lastKnownFileType = sourcecode.swift; path = SceneDelegate.swift; sourceTree = "<group>"; };
		65BFD82A294AEB4F00D1D2A1 /* ViewController.swift */ = {isa = PBXFileReference; lastKnownFileType = sourcecode.swift; path = ViewController.swift; sourceTree = "<group>"; };
		65BFD82D294AEB4F00D1D2A1 /* Base */ = {isa = PBXFileReference; lastKnownFileType = file.storyboard; name = Base; path = Base.lproj/Main.storyboard; sourceTree = "<group>"; };
		65BFD82F294AEB5100D1D2A1 /* Assets.xcassets */ = {isa = PBXFileReference; lastKnownFileType = folder.assetcatalog; path = Assets.xcassets; sourceTree = "<group>"; };
		65BFD832294AEB5100D1D2A1 /* Base */ = {isa = PBXFileReference; lastKnownFileType = file.storyboard; name = Base; path = Base.lproj/LaunchScreen.storyboard; sourceTree = "<group>"; };
		65BFD834294AEB5100D1D2A1 /* Info.plist */ = {isa = PBXFileReference; lastKnownFileType = text.plist.xml; path = Info.plist; sourceTree = "<group>"; };
		65BFD83E294AF6AF00D1D2A1 /* Extension.appex */ = {isa = PBXFileReference; explicitFileType = "wrapper.app-extension"; includeInIndex = 0; path = Extension.appex; sourceTree = BUILT_PRODUCTS_DIR; };
		65BFD840294AF6AF00D1D2A1 /* UniformTypeIdentifiers.framework */ = {isa = PBXFileReference; lastKnownFileType = wrapper.framework; name = UniformTypeIdentifiers.framework; path = System/Library/Frameworks/UniformTypeIdentifiers.framework; sourceTree = SDKROOT; };
		65BFD843294AF6B000D1D2A1 /* Media.xcassets */ = {isa = PBXFileReference; lastKnownFileType = folder.assetcatalog; path = Media.xcassets; sourceTree = "<group>"; };
		65BFD845294AF6B000D1D2A1 /* ActionViewController.swift */ = {isa = PBXFileReference; lastKnownFileType = sourcecode.swift; path = ActionViewController.swift; sourceTree = "<group>"; };
		65BFD848294AF6B000D1D2A1 /* Base */ = {isa = PBXFileReference; lastKnownFileType = file.storyboard; name = Base; path = Base.lproj/MainInterface.storyboard; sourceTree = "<group>"; };
		65BFD84A294AF6B000D1D2A1 /* Info.plist */ = {isa = PBXFileReference; lastKnownFileType = text.plist.xml; path = Info.plist; sourceTree = "<group>"; };
		65BFD852294AFFE400D1D2A1 /* Action.js */ = {isa = PBXFileReference; lastKnownFileType = sourcecode.javascript; path = Action.js; sourceTree = "<group>"; };
/* End PBXFileReference section */

/* Begin PBXFrameworksBuildPhase section */
		65BFD820294AEB4F00D1D2A1 /* Frameworks */ = {
			isa = PBXFrameworksBuildPhase;
			buildActionMask = 2147483647;
			files = (
			);
			runOnlyForDeploymentPostprocessing = 0;
		};
		65BFD83B294AF6AF00D1D2A1 /* Frameworks */ = {
			isa = PBXFrameworksBuildPhase;
			buildActionMask = 2147483647;
			files = (
				65BFD841294AF6B000D1D2A1 /* UniformTypeIdentifiers.framework in Frameworks */,
			);
			runOnlyForDeploymentPostprocessing = 0;
		};
/* End PBXFrameworksBuildPhase section */

/* Begin PBXGroup section */
		65BFD81A294AEB4F00D1D2A1 = {
			isa = PBXGroup;
			children = (
				65BFD825294AEB4F00D1D2A1 /* Project19 */,
				65BFD842294AF6B000D1D2A1 /* Extension */,
				65BFD83F294AF6AF00D1D2A1 /* Frameworks */,
				65BFD824294AEB4F00D1D2A1 /* Products */,
			);
			sourceTree = "<group>";
		};
		65BFD824294AEB4F00D1D2A1 /* Products */ = {
			isa = PBXGroup;
			children = (
				65BFD823294AEB4F00D1D2A1 /* Project19.app */,
				65BFD83E294AF6AF00D1D2A1 /* Extension.appex */,
			);
			name = Products;
			sourceTree = "<group>";
		};
		65BFD825294AEB4F00D1D2A1 /* Project19 */ = {
			isa = PBXGroup;
			children = (
				65BFD826294AEB4F00D1D2A1 /* AppDelegate.swift */,
				65BFD828294AEB4F00D1D2A1 /* SceneDelegate.swift */,
				65BFD82A294AEB4F00D1D2A1 /* ViewController.swift */,
				65BFD82C294AEB4F00D1D2A1 /* Main.storyboard */,
				65BFD82F294AEB5100D1D2A1 /* Assets.xcassets */,
				65BFD831294AEB5100D1D2A1 /* LaunchScreen.storyboard */,
				65BFD834294AEB5100D1D2A1 /* Info.plist */,
			);
			path = Project19;
			sourceTree = "<group>";
		};
		65BFD83F294AF6AF00D1D2A1 /* Frameworks */ = {
			isa = PBXGroup;
			children = (
				65BFD840294AF6AF00D1D2A1 /* UniformTypeIdentifiers.framework */,
			);
			name = Frameworks;
			sourceTree = "<group>";
		};
		65BFD842294AF6B000D1D2A1 /* Extension */ = {
			isa = PBXGroup;
			children = (
				65BFD843294AF6B000D1D2A1 /* Media.xcassets */,
				6514183929773DC300A6064A /* ActionsViewController.swift */,
				65BFD845294AF6B000D1D2A1 /* ActionViewController.swift */,
				65BFD847294AF6B000D1D2A1 /* MainInterface.storyboard */,
				65BFD84A294AF6B000D1D2A1 /* Info.plist */,
				65BFD852294AFFE400D1D2A1 /* Action.js */,
			);
			path = Extension;
			sourceTree = "<group>";
		};
/* End PBXGroup section */

/* Begin PBXNativeTarget section */
		65BFD822294AEB4F00D1D2A1 /* Project19 */ = {
			isa = PBXNativeTarget;
			buildConfigurationList = 65BFD837294AEB5100D1D2A1 /* Build configuration list for PBXNativeTarget "Project19" */;
			buildPhases = (
				65BFD81F294AEB4F00D1D2A1 /* Sources */,
				65BFD820294AEB4F00D1D2A1 /* Frameworks */,
				65BFD821294AEB4F00D1D2A1 /* Resources */,
				65BFD851294AF6B000D1D2A1 /* Embed Foundation Extensions */,
			);
			buildRules = (
			);
			dependencies = (
				65BFD84C294AF6B000D1D2A1 /* PBXTargetDependency */,
			);
			name = Project19;
			productName = Project19;
			productReference = 65BFD823294AEB4F00D1D2A1 /* Project19.app */;
			productType = "com.apple.product-type.application";
		};
		65BFD83D294AF6AF00D1D2A1 /* Extension */ = {
			isa = PBXNativeTarget;
			buildConfigurationList = 65BFD84E294AF6B000D1D2A1 /* Build configuration list for PBXNativeTarget "Extension" */;
			buildPhases = (
				65BFD83A294AF6AF00D1D2A1 /* Sources */,
				65BFD83B294AF6AF00D1D2A1 /* Frameworks */,
				65BFD83C294AF6AF00D1D2A1 /* Resources */,
			);
			buildRules = (
			);
			dependencies = (
			);
			name = Extension;
			productName = Extension;
			productReference = 65BFD83E294AF6AF00D1D2A1 /* Extension.appex */;
			productType = "com.apple.product-type.app-extension";
		};
/* End PBXNativeTarget section */

/* Begin PBXProject section */
		65BFD81B294AEB4F00D1D2A1 /* Project object */ = {
			isa = PBXProject;
			attributes = {
				BuildIndependentTargetsInParallel = 1;
				LastSwiftUpdateCheck = 1410;
				LastUpgradeCheck = 1410;
				TargetAttributes = {
					65BFD822294AEB4F00D1D2A1 = {
						CreatedOnToolsVersion = 14.1;
					};
					65BFD83D294AF6AF00D1D2A1 = {
						CreatedOnToolsVersion = 14.1;
					};
				};
			};
			buildConfigurationList = 65BFD81E294AEB4F00D1D2A1 /* Build configuration list for PBXProject "Project19" */;
			compatibilityVersion = "Xcode 14.0";
			developmentRegion = en;
			hasScannedForEncodings = 0;
			knownRegions = (
				en,
				Base,
			);
			mainGroup = 65BFD81A294AEB4F00D1D2A1;
			productRefGroup = 65BFD824294AEB4F00D1D2A1 /* Products */;
			projectDirPath = "";
			projectRoot = "";
			targets = (
				65BFD822294AEB4F00D1D2A1 /* Project19 */,
				65BFD83D294AF6AF00D1D2A1 /* Extension */,
			);
		};
/* End PBXProject section */

/* Begin PBXResourcesBuildPhase section */
		65BFD821294AEB4F00D1D2A1 /* Resources */ = {
			isa = PBXResourcesBuildPhase;
			buildActionMask = 2147483647;
			files = (
				65BFD833294AEB5100D1D2A1 /* LaunchScreen.storyboard in Resources */,
				65BFD830294AEB5100D1D2A1 /* Assets.xcassets in Resources */,
				65BFD82E294AEB4F00D1D2A1 /* Main.storyboard in Resources */,
			);
			runOnlyForDeploymentPostprocessing = 0;
		};
		65BFD83C294AF6AF00D1D2A1 /* Resources */ = {
			isa = PBXResourcesBuildPhase;
			buildActionMask = 2147483647;
			files = (
				65BFD853294AFFE400D1D2A1 /* Action.js in Resources */,
				65BFD844294AF6B000D1D2A1 /* Media.xcassets in Resources */,
				65BFD849294AF6B000D1D2A1 /* MainInterface.storyboard in Resources */,
			);
			runOnlyForDeploymentPostprocessing = 0;
		};
/* End PBXResourcesBuildPhase section */

/* Begin PBXSourcesBuildPhase section */
		65BFD81F294AEB4F00D1D2A1 /* Sources */ = {
			isa = PBXSourcesBuildPhase;
			buildActionMask = 2147483647;
			files = (
				65BFD82B294AEB4F00D1D2A1 /* ViewController.swift in Sources */,
				65BFD827294AEB4F00D1D2A1 /* AppDelegate.swift in Sources */,
				65BFD829294AEB4F00D1D2A1 /* SceneDelegate.swift in Sources */,
			);
			runOnlyForDeploymentPostprocessing = 0;
		};
		65BFD83A294AF6AF00D1D2A1 /* Sources */ = {
			isa = PBXSourcesBuildPhase;
			buildActionMask = 2147483647;
			files = (
				6514183A29773DC300A6064A /* ActionsViewController.swift in Sources */,
				65BFD846294AF6B000D1D2A1 /* ActionViewController.swift in Sources */,
			);
			runOnlyForDeploymentPostprocessing = 0;
		};
/* End PBXSourcesBuildPhase section */

/* Begin PBXTargetDependency section */
		65BFD84C294AF6B000D1D2A1 /* PBXTargetDependency */ = {
			isa = PBXTargetDependency;
			target = 65BFD83D294AF6AF00D1D2A1 /* Extension */;
			targetProxy = 65BFD84B294AF6B000D1D2A1 /* PBXContainerItemProxy */;
		};
/* End PBXTargetDependency section */

/* Begin PBXVariantGroup section */
		65BFD82C294AEB4F00D1D2A1 /* Main.storyboard */ = {
			isa = PBXVariantGroup;
			children = (
				65BFD82D294AEB4F00D1D2A1 /* Base */,
			);
			name = Main.storyboard;
			sourceTree = "<group>";
		};
		65BFD831294AEB5100D1D2A1 /* LaunchScreen.storyboard */ = {
			isa = PBXVariantGroup;
			children = (
				65BFD832294AEB5100D1D2A1 /* Base */,
			);
			name = LaunchScreen.storyboard;
			sourceTree = "<group>";
		};
		65BFD847294AF6B000D1D2A1 /* MainInterface.storyboard */ = {
			isa = PBXVariantGroup;
			children = (
				65BFD848294AF6B000D1D2A1 /* Base */,
			);
			name = MainInterface.storyboard;
			sourceTree = "<group>";
		};
/* End PBXVariantGroup section */

/* Begin XCBuildConfiguration section */
		65BFD835294AEB5100D1D2A1 /* Debug */ = {
			isa = XCBuildConfiguration;
			buildSettings = {
				ALWAYS_SEARCH_USER_PATHS = NO;
				CLANG_ANALYZER_NONNULL = YES;
				CLANG_ANALYZER_NUMBER_OBJECT_CONVERSION = YES_AGGRESSIVE;
				CLANG_CXX_LANGUAGE_STANDARD = "gnu++20";
				CLANG_ENABLE_MODULES = YES;
				CLANG_ENABLE_OBJC_ARC = YES;
				CLANG_ENABLE_OBJC_WEAK = YES;
				CLANG_WARN_BLOCK_CAPTURE_AUTORELEASING = YES;
				CLANG_WARN_BOOL_CONVERSION = YES;
				CLANG_WARN_COMMA = YES;
				CLANG_WARN_CONSTANT_CONVERSION = YES;
				CLANG_WARN_DEPRECATED_OBJC_IMPLEMENTATIONS = YES;
				CLANG_WARN_DIRECT_OBJC_ISA_USAGE = YES_ERROR;
				CLANG_WARN_DOCUMENTATION_COMMENTS = YES;
				CLANG_WARN_EMPTY_BODY = YES;
				CLANG_WARN_ENUM_CONVERSION = YES;
				CLANG_WARN_INFINITE_RECURSION = YES;
				CLANG_WARN_INT_CONVERSION = YES;
				CLANG_WARN_NON_LITERAL_NULL_CONVERSION = YES;
				CLANG_WARN_OBJC_IMPLICIT_RETAIN_SELF = YES;
				CLANG_WARN_OBJC_LITERAL_CONVERSION = YES;
				CLANG_WARN_OBJC_ROOT_CLASS = YES_ERROR;
				CLANG_WARN_QUOTED_INCLUDE_IN_FRAMEWORK_HEADER = YES;
				CLANG_WARN_RANGE_LOOP_ANALYSIS = YES;
				CLANG_WARN_STRICT_PROTOTYPES = YES;
				CLANG_WARN_SUSPICIOUS_MOVE = YES;
				CLANG_WARN_UNGUARDED_AVAILABILITY = YES_AGGRESSIVE;
				CLANG_WARN_UNREACHABLE_CODE = YES;
				CLANG_WARN__DUPLICATE_METHOD_MATCH = YES;
				COPY_PHASE_STRIP = NO;
				DEBUG_INFORMATION_FORMAT = dwarf;
				ENABLE_STRICT_OBJC_MSGSEND = YES;
				ENABLE_TESTABILITY = YES;
				GCC_C_LANGUAGE_STANDARD = gnu11;
				GCC_DYNAMIC_NO_PIC = NO;
				GCC_NO_COMMON_BLOCKS = YES;
				GCC_OPTIMIZATION_LEVEL = 0;
				GCC_PREPROCESSOR_DEFINITIONS = (
					"DEBUG=1",
					"$(inherited)",
				);
				GCC_WARN_64_TO_32_BIT_CONVERSION = YES;
				GCC_WARN_ABOUT_RETURN_TYPE = YES_ERROR;
				GCC_WARN_UNDECLARED_SELECTOR = YES;
				GCC_WARN_UNINITIALIZED_AUTOS = YES_AGGRESSIVE;
				GCC_WARN_UNUSED_FUNCTION = YES;
				GCC_WARN_UNUSED_VARIABLE = YES;
				IPHONEOS_DEPLOYMENT_TARGET = 16.1;
				MTL_ENABLE_DEBUG_INFO = INCLUDE_SOURCE;
				MTL_FAST_MATH = YES;
				ONLY_ACTIVE_ARCH = YES;
				SDKROOT = iphoneos;
				SWIFT_ACTIVE_COMPILATION_CONDITIONS = DEBUG;
				SWIFT_OPTIMIZATION_LEVEL = "-Onone";
			};
			name = Debug;
		};
		65BFD836294AEB5100D1D2A1 /* Release */ = {
			isa = XCBuildConfiguration;
			buildSettings = {
				ALWAYS_SEARCH_USER_PATHS = NO;
				CLANG_ANALYZER_NONNULL = YES;
				CLANG_ANALYZER_NUMBER_OBJECT_CONVERSION = YES_AGGRESSIVE;
				CLANG_CXX_LANGUAGE_STANDARD = "gnu++20";
				CLANG_ENABLE_MODULES = YES;
				CLANG_ENABLE_OBJC_ARC = YES;
				CLANG_ENABLE_OBJC_WEAK = YES;
				CLANG_WARN_BLOCK_CAPTURE_AUTORELEASING = YES;
				CLANG_WARN_BOOL_CONVERSION = YES;
				CLANG_WARN_COMMA = YES;
				CLANG_WARN_CONSTANT_CONVERSION = YES;
				CLANG_WARN_DEPRECATED_OBJC_IMPLEMENTATIONS = YES;
				CLANG_WARN_DIRECT_OBJC_ISA_USAGE = YES_ERROR;
				CLANG_WARN_DOCUMENTATION_COMMENTS = YES;
				CLANG_WARN_EMPTY_BODY = YES;
				CLANG_WARN_ENUM_CONVERSION = YES;
				CLANG_WARN_INFINITE_RECURSION = YES;
				CLANG_WARN_INT_CONVERSION = YES;
				CLANG_WARN_NON_LITERAL_NULL_CONVERSION = YES;
				CLANG_WARN_OBJC_IMPLICIT_RETAIN_SELF = YES;
				CLANG_WARN_OBJC_LITERAL_CONVERSION = YES;
				CLANG_WARN_OBJC_ROOT_CLASS = YES_ERROR;
				CLANG_WARN_QUOTED_INCLUDE_IN_FRAMEWORK_HEADER = YES;
				CLANG_WARN_RANGE_LOOP_ANALYSIS = YES;
				CLANG_WARN_STRICT_PROTOTYPES = YES;
				CLANG_WARN_SUSPICIOUS_MOVE = YES;
				CLANG_WARN_UNGUARDED_AVAILABILITY = YES_AGGRESSIVE;
				CLANG_WARN_UNREACHABLE_CODE = YES;
				CLANG_WARN__DUPLICATE_METHOD_MATCH = YES;
				COPY_PHASE_STRIP = NO;
				DEBUG_INFORMATION_FORMAT = "dwarf-with-dsym";
				ENABLE_NS_ASSERTIONS = NO;
				ENABLE_STRICT_OBJC_MSGSEND = YES;
				GCC_C_LANGUAGE_STANDARD = gnu11;
				GCC_NO_COMMON_BLOCKS = YES;
				GCC_WARN_64_TO_32_BIT_CONVERSION = YES;
				GCC_WARN_ABOUT_RETURN_TYPE = YES_ERROR;
				GCC_WARN_UNDECLARED_SELECTOR = YES;
				GCC_WARN_UNINITIALIZED_AUTOS = YES_AGGRESSIVE;
				GCC_WARN_UNUSED_FUNCTION = YES;
				GCC_WARN_UNUSED_VARIABLE = YES;
				IPHONEOS_DEPLOYMENT_TARGET = 16.1;
				MTL_ENABLE_DEBUG_INFO = NO;
				MTL_FAST_MATH = YES;
				SDKROOT = iphoneos;
				SWIFT_COMPILATION_MODE = wholemodule;
				SWIFT_OPTIMIZATION_LEVEL = "-O";
				VALIDATE_PRODUCT = YES;
			};
			name = Release;
		};
		65BFD838294AEB5100D1D2A1 /* Debug */ = {
			isa = XCBuildConfiguration;
			buildSettings = {
				ALWAYS_EMBED_SWIFT_STANDARD_LIBRARIES = YES;
				ASSETCATALOG_COMPILER_APPICON_NAME = AppIcon;
				ASSETCATALOG_COMPILER_GLOBAL_ACCENT_COLOR_NAME = AccentColor;
				CODE_SIGN_STYLE = Automatic;
				CURRENT_PROJECT_VERSION = 1;
				DEVELOPMENT_TEAM = B63NCXYEXK;
				GENERATE_INFOPLIST_FILE = YES;
				INFOPLIST_FILE = Project19/Info.plist;
				INFOPLIST_KEY_UIApplicationSupportsIndirectInputEvents = YES;
				INFOPLIST_KEY_UILaunchStoryboardName = LaunchScreen;
				INFOPLIST_KEY_UIMainStoryboardFile = Main;
				INFOPLIST_KEY_UISupportedInterfaceOrientations_iPad = "UIInterfaceOrientationPortrait UIInterfaceOrientationPortraitUpsideDown UIInterfaceOrientationLandscapeLeft UIInterfaceOrientationLandscapeRight";
				INFOPLIST_KEY_UISupportedInterfaceOrientations_iPhone = "UIInterfaceOrientationPortrait UIInterfaceOrientationLandscapeLeft UIInterfaceOrientationLandscapeRight";
				LD_RUNPATH_SEARCH_PATHS = (
					"$(inherited)",
					"@executable_path/Frameworks",
				);
				MARKETING_VERSION = 1.0;
				PRODUCT_BUNDLE_IDENTIFIER = cz.styrax.Project19;
				PRODUCT_NAME = "$(TARGET_NAME)";
				SWIFT_EMIT_LOC_STRINGS = YES;
				SWIFT_VERSION = 5.0;
				TARGETED_DEVICE_FAMILY = "1,2";
			};
			name = Debug;
		};
		65BFD839294AEB5100D1D2A1 /* Release */ = {
			isa = XCBuildConfiguration;
			buildSettings = {
				ALWAYS_EMBED_SWIFT_STANDARD_LIBRARIES = YES;
				ASSETCATALOG_COMPILER_APPICON_NAME = AppIcon;
				ASSETCATALOG_COMPILER_GLOBAL_ACCENT_COLOR_NAME = AccentColor;
				CODE_SIGN_STYLE = Automatic;
				CURRENT_PROJECT_VERSION = 1;
				DEVELOPMENT_TEAM = B63NCXYEXK;
				GENERATE_INFOPLIST_FILE = YES;
				INFOPLIST_FILE = Project19/Info.plist;
				INFOPLIST_KEY_UIApplicationSupportsIndirectInputEvents = YES;
				INFOPLIST_KEY_UILaunchStoryboardName = LaunchScreen;
				INFOPLIST_KEY_UIMainStoryboardFile = Main;
				INFOPLIST_KEY_UISupportedInterfaceOrientations_iPad = "UIInterfaceOrientationPortrait UIInterfaceOrientationPortraitUpsideDown UIInterfaceOrientationLandscapeLeft UIInterfaceOrientationLandscapeRight";
				INFOPLIST_KEY_UISupportedInterfaceOrientations_iPhone = "UIInterfaceOrientationPortrait UIInterfaceOrientationLandscapeLeft UIInterfaceOrientationLandscapeRight";
				LD_RUNPATH_SEARCH_PATHS = (
					"$(inherited)",
					"@executable_path/Frameworks",
				);
				MARKETING_VERSION = 1.0;
				PRODUCT_BUNDLE_IDENTIFIER = cz.styrax.Project19;
				PRODUCT_NAME = "$(TARGET_NAME)";
				SWIFT_EMIT_LOC_STRINGS = YES;
				SWIFT_VERSION = 5.0;
				TARGETED_DEVICE_FAMILY = "1,2";
			};
			name = Release;
		};
		65BFD84F294AF6B000D1D2A1 /* Debug */ = {
			isa = XCBuildConfiguration;
			buildSettings = {
				CODE_SIGN_STYLE = Automatic;
				CURRENT_PROJECT_VERSION = 1;
				DEVELOPMENT_TEAM = B63NCXYEXK;
				GENERATE_INFOPLIST_FILE = YES;
				INFOPLIST_FILE = Extension/Info.plist;
				INFOPLIST_KEY_CFBundleDisplayName = Extension;
				INFOPLIST_KEY_NSHumanReadableCopyright = "";
				LD_RUNPATH_SEARCH_PATHS = (
					"$(inherited)",
					"@executable_path/Frameworks",
					"@executable_path/../../Frameworks",
				);
				MARKETING_VERSION = 1.0;
				PRODUCT_BUNDLE_IDENTIFIER = cz.styrax.Project19.Extension;
				PRODUCT_NAME = "$(TARGET_NAME)";
				SKIP_INSTALL = YES;
				SWIFT_EMIT_LOC_STRINGS = YES;
				SWIFT_VERSION = 5.0;
				TARGETED_DEVICE_FAMILY = "1,2";
			};
			name = Debug;
		};
		65BFD850294AF6B000D1D2A1 /* Release */ = {
			isa = XCBuildConfiguration;
			buildSettings = {
				CODE_SIGN_STYLE = Automatic;
				CURRENT_PROJECT_VERSION = 1;
				DEVELOPMENT_TEAM = B63NCXYEXK;
				GENERATE_INFOPLIST_FILE = YES;
				INFOPLIST_FILE = Extension/Info.plist;
				INFOPLIST_KEY_CFBundleDisplayName = Extension;
				INFOPLIST_KEY_NSHumanReadableCopyright = "";
				LD_RUNPATH_SEARCH_PATHS = (
					"$(inherited)",
					"@executable_path/Frameworks",
					"@executable_path/../../Frameworks",
				);
				MARKETING_VERSION = 1.0;
				PRODUCT_BUNDLE_IDENTIFIER = cz.styrax.Project19.Extension;
				PRODUCT_NAME = "$(TARGET_NAME)";
				SKIP_INSTALL = YES;
				SWIFT_EMIT_LOC_STRINGS = YES;
				SWIFT_VERSION = 5.0;
				TARGETED_DEVICE_FAMILY = "1,2";
			};
			name = Release;
		};
/* End XCBuildConfiguration section */

/* Begin XCConfigurationList section */
		65BFD81E294AEB4F00D1D2A1 /* Build configuration list for PBXProject "Project19" */ = {
			isa = XCConfigurationList;
			buildConfigurations = (
				65BFD835294AEB5100D1D2A1 /* Debug */,
				65BFD836294AEB5100D1D2A1 /* Release */,
			);
			defaultConfigurationIsVisible = 0;
			defaultConfigurationName = Release;
		};
		65BFD837294AEB5100D1D2A1 /* Build configuration list for PBXNativeTarget "Project19" */ = {
			isa = XCConfigurationList;
			buildConfigurations = (
				65BFD838294AEB5100D1D2A1 /* Debug */,
				65BFD839294AEB5100D1D2A1 /* Release */,
			);
			defaultConfigurationIsVisible = 0;
			defaultConfigurationName = Release;
		};
		65BFD84E294AF6B000D1D2A1 /* Build configuration list for PBXNativeTarget "Extension" */ = {
			isa = XCConfigurationList;
			buildConfigurations = (
				65BFD84F294AF6B000D1D2A1 /* Debug */,
				65BFD850294AF6B000D1D2A1 /* Release */,
			);
			defaultConfigurationIsVisible = 0;
			defaultConfigurationName = Release;
		};
/* End XCConfigurationList section */
	};
	rootObject = 65BFD81B294AEB4F00D1D2A1 /* Project object */;
}
