// !$*UTF8*$!
{
	archiveVersion = 1;
	classes = {
	};
	objectVersion = 56;
	objects = {

/* Begin PBXBuildFile section */
		65717CB3291E60C2004FA321 /* AppDelegate.swift in Sources */ = {isa = PBXBuildFile; fileRef = 65717CB2291E60C2004FA321 /* AppDelegate.swift */; };
		65717CB5291E60C2004FA321 /* SceneDelegate.swift in Sources */ = {isa = PBXBuildFile; fileRef = 65717CB4291E60C2004FA321 /* SceneDelegate.swift */; };
		65717CB7291E60C2004FA321 /* ViewController.swift in Sources */ = {isa = PBXBuildFile; fileRef = 65717CB6291E60C2004FA321 /* ViewController.swift */; };
		65717CBA291E60C2004FA321 /* Main.storyboard in Resources */ = {isa = PBXBuildFile; fileRef = 65717CB8291E60C2004FA321 /* Main.storyboard */; };
		65717CBC291E60C4004FA321 /* Assets.xcassets in Resources */ = {isa = PBXBuildFile; fileRef = 65717CBB291E60C4004FA321 /* Assets.xcassets */; };
		65717CBF291E60C4004FA321 /* LaunchScreen.storyboard in Resources */ = {isa = PBXBuildFile; fileRef = 65717CBD291E60C4004FA321 /* LaunchScreen.storyboard */; };
		65717CC7291E6127004FA321 /* Country.swift in Sources */ = {isa = PBXBuildFile; fileRef = 65717CC6291E6127004FA321 /* Country.swift */; };
		65717CC9291E6AEA004FA321 /* Countries.swift in Sources */ = {isa = PBXBuildFile; fileRef = 65717CC8291E6AEA004FA321 /* Countries.swift */; };
		65717CCB291E6BEF004FA321 /* countries.json in Resources */ = {isa = PBXBuildFile; fileRef = 65717CCA291E6BEF004FA321 /* countries.json */; };
		65717CCD291E8E5E004FA321 /* CountryCell.swift in Sources */ = {isa = PBXBuildFile; fileRef = 65717CCC291E8E5E004FA321 /* CountryCell.swift */; };
		65717CCF291E94BA004FA321 /* ImageLoader.swift in Sources */ = {isa = PBXBuildFile; fileRef = 65717CCE291E94BA004FA321 /* ImageLoader.swift */; };
		65FC7A1229204E52009910E2 /* DetailViewController.swift in Sources */ = {isa = PBXBuildFile; fileRef = 65FC7A1129204E52009910E2 /* DetailViewController.swift */; };
/* End PBXBuildFile section */

/* Begin PBXFileReference section */
		65717CAF291E60C2004FA321 /* MilestoneP13-15.app */ = {isa = PBXFileReference; explicitFileType = wrapper.application; includeInIndex = 0; path = "MilestoneP13-15.app"; sourceTree = BUILT_PRODUCTS_DIR; };
		65717CB2291E60C2004FA321 /* AppDelegate.swift */ = {isa = PBXFileReference; lastKnownFileType = sourcecode.swift; path = AppDelegate.swift; sourceTree = "<group>"; };
		65717CB4291E60C2004FA321 /* SceneDelegate.swift */ = {isa = PBXFileReference; lastKnownFileType = sourcecode.swift; path = SceneDelegate.swift; sourceTree = "<group>"; };
		65717CB6291E60C2004FA321 /* ViewController.swift */ = {isa = PBXFileReference; lastKnownFileType = sourcecode.swift; path = ViewController.swift; sourceTree = "<group>"; };
		65717CB9291E60C2004FA321 /* Base */ = {isa = PBXFileReference; lastKnownFileType = file.storyboard; name = Base; path = Base.lproj/Main.storyboard; sourceTree = "<group>"; };
		65717CBB291E60C4004FA321 /* Assets.xcassets */ = {isa = PBXFileReference; lastKnownFileType = folder.assetcatalog; path = Assets.xcassets; sourceTree = "<group>"; };
		65717CBE291E60C4004FA321 /* Base */ = {isa = PBXFileReference; lastKnownFileType = file.storyboard; name = Base; path = Base.lproj/LaunchScreen.storyboard; sourceTree = "<group>"; };
		65717CC0291E60C4004FA321 /* Info.plist */ = {isa = PBXFileReference; lastKnownFileType = text.plist.xml; path = Info.plist; sourceTree = "<group>"; };
		65717CC6291E6127004FA321 /* Country.swift */ = {isa = PBXFileReference; lastKnownFileType = sourcecode.swift; path = Country.swift; sourceTree = "<group>"; };
		65717CC8291E6AEA004FA321 /* Countries.swift */ = {isa = PBXFileReference; lastKnownFileType = sourcecode.swift; path = Countries.swift; sourceTree = "<group>"; };
		65717CCA291E6BEF004FA321 /* countries.json */ = {isa = PBXFileReference; fileEncoding = 4; lastKnownFileType = text.json; path = countries.json; sourceTree = "<group>"; };
		65717CCC291E8E5E004FA321 /* CountryCell.swift */ = {isa = PBXFileReference; lastKnownFileType = sourcecode.swift; path = CountryCell.swift; sourceTree = "<group>"; };
		65717CCE291E94BA004FA321 /* ImageLoader.swift */ = {isa = PBXFileReference; lastKnownFileType = sourcecode.swift; path = ImageLoader.swift; sourceTree = "<group>"; };
		65FC7A1129204E52009910E2 /* DetailViewController.swift */ = {isa = PBXFileReference; lastKnownFileType = sourcecode.swift; path = DetailViewController.swift; sourceTree = "<group>"; };
/* End PBXFileReference section */

/* Begin PBXFrameworksBuildPhase section */
		65717CAC291E60C2004FA321 /* Frameworks */ = {
			isa = PBXFrameworksBuildPhase;
			buildActionMask = 2147483647;
			files = (
			);
			runOnlyForDeploymentPostprocessing = 0;
		};
/* End PBXFrameworksBuildPhase section */

/* Begin PBXGroup section */
		65717CA6291E60C2004FA321 = {
			isa = PBXGroup;
			children = (
				65717CB1291E60C2004FA321 /* MilestoneP13-15 */,
				65717CB0291E60C2004FA321 /* Products */,
			);
			sourceTree = "<group>";
		};
		65717CB0291E60C2004FA321 /* Products */ = {
			isa = PBXGroup;
			children = (
				65717CAF291E60C2004FA321 /* MilestoneP13-15.app */,
			);
			name = Products;
			sourceTree = "<group>";
		};
		65717CB1291E60C2004FA321 /* MilestoneP13-15 */ = {
			isa = PBXGroup;
			children = (
				65717CB2291E60C2004FA321 /* AppDelegate.swift */,
				65717CB4291E60C2004FA321 /* SceneDelegate.swift */,
				65717CB6291E60C2004FA321 /* ViewController.swift */,
				65717CCE291E94BA004FA321 /* ImageLoader.swift */,
				65717CCC291E8E5E004FA321 /* CountryCell.swift */,
				65717CB8291E60C2004FA321 /* Main.storyboard */,
				65FC7A1129204E52009910E2 /* DetailViewController.swift */,
				65717CC8291E6AEA004FA321 /* Countries.swift */,
				65717CC6291E6127004FA321 /* Country.swift */,
				65717CBB291E60C4004FA321 /* Assets.xcassets */,
				65717CBD291E60C4004FA321 /* LaunchScreen.storyboard */,
				65717CC0291E60C4004FA321 /* Info.plist */,
				65717CCA291E6BEF004FA321 /* countries.json */,
			);
			path = "MilestoneP13-15";
			sourceTree = "<group>";
		};
/* End PBXGroup section */

/* Begin PBXNativeTarget section */
		65717CAE291E60C2004FA321 /* MilestoneP13-15 */ = {
			isa = PBXNativeTarget;
			buildConfigurationList = 65717CC3291E60C4004FA321 /* Build configuration list for PBXNativeTarget "MilestoneP13-15" */;
			buildPhases = (
				65717CAB291E60C2004FA321 /* Sources */,
				65717CAC291E60C2004FA321 /* Frameworks */,
				65717CAD291E60C2004FA321 /* Resources */,
			);
			buildRules = (
			);
			dependencies = (
			);
			name = "MilestoneP13-15";
			productName = "MilestoneP13-15";
			productReference = 65717CAF291E60C2004FA321 /* MilestoneP13-15.app */;
			productType = "com.apple.product-type.application";
		};
/* End PBXNativeTarget section */

/* Begin PBXProject section */
		65717CA7291E60C2004FA321 /* Project object */ = {
			isa = PBXProject;
			attributes = {
				BuildIndependentTargetsInParallel = 1;
				LastSwiftUpdateCheck = 1410;
				LastUpgradeCheck = 1410;
				TargetAttributes = {
					65717CAE291E60C2004FA321 = {
						CreatedOnToolsVersion = 14.1;
					};
				};
			};
			buildConfigurationList = 65717CAA291E60C2004FA321 /* Build configuration list for PBXProject "MilestoneP13-15" */;
			compatibilityVersion = "Xcode 14.0";
			developmentRegion = en;
			hasScannedForEncodings = 0;
			knownRegions = (
				en,
				Base,
			);
			mainGroup = 65717CA6291E60C2004FA321;
			productRefGroup = 65717CB0291E60C2004FA321 /* Products */;
			projectDirPath = "";
			projectRoot = "";
			targets = (
				65717CAE291E60C2004FA321 /* MilestoneP13-15 */,
			);
		};
/* End PBXProject section */

/* Begin PBXResourcesBuildPhase section */
		65717CAD291E60C2004FA321 /* Resources */ = {
			isa = PBXResourcesBuildPhase;
			buildActionMask = 2147483647;
			files = (
				65717CBF291E60C4004FA321 /* LaunchScreen.storyboard in Resources */,
				65717CBC291E60C4004FA321 /* Assets.xcassets in Resources */,
				65717CCB291E6BEF004FA321 /* countries.json in Resources */,
				65717CBA291E60C2004FA321 /* Main.storyboard in Resources */,
			);
			runOnlyForDeploymentPostprocessing = 0;
		};
/* End PBXResourcesBuildPhase section */

/* Begin PBXSourcesBuildPhase section */
		65717CAB291E60C2004FA321 /* Sources */ = {
			isa = PBXSourcesBuildPhase;
			buildActionMask = 2147483647;
			files = (
				65717CCF291E94BA004FA321 /* ImageLoader.swift in Sources */,
				65717CC7291E6127004FA321 /* Country.swift in Sources */,
				65717CB7291E60C2004FA321 /* ViewController.swift in Sources */,
				65717CCD291E8E5E004FA321 /* CountryCell.swift in Sources */,
				65717CB3291E60C2004FA321 /* AppDelegate.swift in Sources */,
				65717CC9291E6AEA004FA321 /* Countries.swift in Sources */,
				65717CB5291E60C2004FA321 /* SceneDelegate.swift in Sources */,
				65FC7A1229204E52009910E2 /* DetailViewController.swift in Sources */,
			);
			runOnlyForDeploymentPostprocessing = 0;
		};
/* End PBXSourcesBuildPhase section */

/* Begin PBXVariantGroup section */
		65717CB8291E60C2004FA321 /* Main.storyboard */ = {
			isa = PBXVariantGroup;
			children = (
				65717CB9291E60C2004FA321 /* Base */,
			);
			name = Main.storyboard;
			sourceTree = "<group>";
		};
		65717CBD291E60C4004FA321 /* LaunchScreen.storyboard */ = {
			isa = PBXVariantGroup;
			children = (
				65717CBE291E60C4004FA321 /* Base */,
			);
			name = LaunchScreen.storyboard;
			sourceTree = "<group>";
		};
/* End PBXVariantGroup section */

/* Begin XCBuildConfiguration section */
		65717CC1291E60C4004FA321 /* Debug */ = {
			isa = XCBuildConfiguration;
			buildSettings = {
				ALWAYS_SEARCH_USER_PATHS = NO;
				CLANG_ANALYZER_NONNULL = YES;
				CLANG_ANALYZER_NUMBER_OBJECT_CONVERSION = YES_AGGRESSIVE;
				CLANG_CXX_LANGUAGE_STANDARD = "gnu++20";
				CLANG_ENABLE_MODULES = YES;
				CLANG_ENABLE_OBJC_ARC = YES;
				CLANG_ENABLE_OBJC_WEAK = YES;
				CLANG_WARN_BLOCK_CAPTURE_AUTORELEASING = YES;
				CLANG_WARN_BOOL_CONVERSION = YES;
				CLANG_WARN_COMMA = YES;
				CLANG_WARN_CONSTANT_CONVERSION = YES;
				CLANG_WARN_DEPRECATED_OBJC_IMPLEMENTATIONS = YES;
				CLANG_WARN_DIRECT_OBJC_ISA_USAGE = YES_ERROR;
				CLANG_WARN_DOCUMENTATION_COMMENTS = YES;
				CLANG_WARN_EMPTY_BODY = YES;
				CLANG_WARN_ENUM_CONVERSION = YES;
				CLANG_WARN_INFINITE_RECURSION = YES;
				CLANG_WARN_INT_CONVERSION = YES;
				CLANG_WARN_NON_LITERAL_NULL_CONVERSION = YES;
				CLANG_WARN_OBJC_IMPLICIT_RETAIN_SELF = YES;
				CLANG_WARN_OBJC_LITERAL_CONVERSION = YES;
				CLANG_WARN_OBJC_ROOT_CLASS = YES_ERROR;
				CLANG_WARN_QUOTED_INCLUDE_IN_FRAMEWORK_HEADER = YES;
				CLANG_WARN_RANGE_LOOP_ANALYSIS = YES;
				CLANG_WARN_STRICT_PROTOTYPES = YES;
				CLANG_WARN_SUSPICIOUS_MOVE = YES;
				CLANG_WARN_UNGUARDED_AVAILABILITY = YES_AGGRESSIVE;
				CLANG_WARN_UNREACHABLE_CODE = YES;
				CLANG_WARN__DUPLICATE_METHOD_MATCH = YES;
				COPY_PHASE_STRIP = NO;
				DEBUG_INFORMATION_FORMAT = dwarf;
				ENABLE_STRICT_OBJC_MSGSEND = YES;
				ENABLE_TESTABILITY = YES;
				GCC_C_LANGUAGE_STANDARD = gnu11;
				GCC_DYNAMIC_NO_PIC = NO;
				GCC_NO_COMMON_BLOCKS = YES;
				GCC_OPTIMIZATION_LEVEL = 0;
				GCC_PREPROCESSOR_DEFINITIONS = (
					"DEBUG=1",
					"$(inherited)",
				);
				GCC_WARN_64_TO_32_BIT_CONVERSION = YES;
				GCC_WARN_ABOUT_RETURN_TYPE = YES_ERROR;
				GCC_WARN_UNDECLARED_SELECTOR = YES;
				GCC_WARN_UNINITIALIZED_AUTOS = YES_AGGRESSIVE;
				GCC_WARN_UNUSED_FUNCTION = YES;
				GCC_WARN_UNUSED_VARIABLE = YES;
				IPHONEOS_DEPLOYMENT_TARGET = 16.1;
				MTL_ENABLE_DEBUG_INFO = INCLUDE_SOURCE;
				MTL_FAST_MATH = YES;
				ONLY_ACTIVE_ARCH = YES;
				SDKROOT = iphoneos;
				SWIFT_ACTIVE_COMPILATION_CONDITIONS = DEBUG;
				SWIFT_OPTIMIZATION_LEVEL = "-Onone";
			};
			name = Debug;
		};
		65717CC2291E60C4004FA321 /* Release */ = {
			isa = XCBuildConfiguration;
			buildSettings = {
				ALWAYS_SEARCH_USER_PATHS = NO;
				CLANG_ANALYZER_NONNULL = YES;
				CLANG_ANALYZER_NUMBER_OBJECT_CONVERSION = YES_AGGRESSIVE;
				CLANG_CXX_LANGUAGE_STANDARD = "gnu++20";
				CLANG_ENABLE_MODULES = YES;
				CLANG_ENABLE_OBJC_ARC = YES;
				CLANG_ENABLE_OBJC_WEAK = YES;
				CLANG_WARN_BLOCK_CAPTURE_AUTORELEASING = YES;
				CLANG_WARN_BOOL_CONVERSION = YES;
				CLANG_WARN_COMMA = YES;
				CLANG_WARN_CONSTANT_CONVERSION = YES;
				CLANG_WARN_DEPRECATED_OBJC_IMPLEMENTATIONS = YES;
				CLANG_WARN_DIRECT_OBJC_ISA_USAGE = YES_ERROR;
				CLANG_WARN_DOCUMENTATION_COMMENTS = YES;
				CLANG_WARN_EMPTY_BODY = YES;
				CLANG_WARN_ENUM_CONVERSION = YES;
				CLANG_WARN_INFINITE_RECURSION = YES;
				CLANG_WARN_INT_CONVERSION = YES;
				CLANG_WARN_NON_LITERAL_NULL_CONVERSION = YES;
				CLANG_WARN_OBJC_IMPLICIT_RETAIN_SELF = YES;
				CLANG_WARN_OBJC_LITERAL_CONVERSION = YES;
				CLANG_WARN_OBJC_ROOT_CLASS = YES_ERROR;
				CLANG_WARN_QUOTED_INCLUDE_IN_FRAMEWORK_HEADER = YES;
				CLANG_WARN_RANGE_LOOP_ANALYSIS = YES;
				CLANG_WARN_STRICT_PROTOTYPES = YES;
				CLANG_WARN_SUSPICIOUS_MOVE = YES;
				CLANG_WARN_UNGUARDED_AVAILABILITY = YES_AGGRESSIVE;
				CLANG_WARN_UNREACHABLE_CODE = YES;
				CLANG_WARN__DUPLICATE_METHOD_MATCH = YES;
				COPY_PHASE_STRIP = NO;
				DEBUG_INFORMATION_FORMAT = "dwarf-with-dsym";
				ENABLE_NS_ASSERTIONS = NO;
				ENABLE_STRICT_OBJC_MSGSEND = YES;
				GCC_C_LANGUAGE_STANDARD = gnu11;
				GCC_NO_COMMON_BLOCKS = YES;
				GCC_WARN_64_TO_32_BIT_CONVERSION = YES;
				GCC_WARN_ABOUT_RETURN_TYPE = YES_ERROR;
				GCC_WARN_UNDECLARED_SELECTOR = YES;
				GCC_WARN_UNINITIALIZED_AUTOS = YES_AGGRESSIVE;
				GCC_WARN_UNUSED_FUNCTION = YES;
				GCC_WARN_UNUSED_VARIABLE = YES;
				IPHONEOS_DEPLOYMENT_TARGET = 16.1;
				MTL_ENABLE_DEBUG_INFO = NO;
				MTL_FAST_MATH = YES;
				SDKROOT = iphoneos;
				SWIFT_COMPILATION_MODE = wholemodule;
				SWIFT_OPTIMIZATION_LEVEL = "-O";
				VALIDATE_PRODUCT = YES;
			};
			name = Release;
		};
		65717CC4291E60C4004FA321 /* Debug */ = {
			isa = XCBuildConfiguration;
			buildSettings = {
				ASSETCATALOG_COMPILER_APPICON_NAME = AppIcon;
				ASSETCATALOG_COMPILER_GLOBAL_ACCENT_COLOR_NAME = AccentColor;
				CODE_SIGN_STYLE = Automatic;
				CURRENT_PROJECT_VERSION = 1;
				DEVELOPMENT_TEAM = B63NCXYEXK;
				GENERATE_INFOPLIST_FILE = YES;
				INFOPLIST_FILE = "MilestoneP13-15/Info.plist";
				INFOPLIST_KEY_UIApplicationSupportsIndirectInputEvents = YES;
				INFOPLIST_KEY_UILaunchStoryboardName = LaunchScreen;
				INFOPLIST_KEY_UIMainStoryboardFile = Main;
				INFOPLIST_KEY_UISupportedInterfaceOrientations_iPad = "UIInterfaceOrientationPortrait UIInterfaceOrientationPortraitUpsideDown UIInterfaceOrientationLandscapeLeft UIInterfaceOrientationLandscapeRight";
				INFOPLIST_KEY_UISupportedInterfaceOrientations_iPhone = "UIInterfaceOrientationPortrait UIInterfaceOrientationLandscapeLeft UIInterfaceOrientationLandscapeRight";
				LD_RUNPATH_SEARCH_PATHS = (
					"$(inherited)",
					"@executable_path/Frameworks",
				);
				MARKETING_VERSION = 1.0;
				PRODUCT_BUNDLE_IDENTIFIER = "cz.styrax.MilestoneP13-15";
				PRODUCT_NAME = "$(TARGET_NAME)";
				SWIFT_EMIT_LOC_STRINGS = YES;
				SWIFT_VERSION = 5.0;
				TARGETED_DEVICE_FAMILY = "1,2";
			};
			name = Debug;
		};
		65717CC5291E60C4004FA321 /* Release */ = {
			isa = XCBuildConfiguration;
			buildSettings = {
				ASSETCATALOG_COMPILER_APPICON_NAME = AppIcon;
				ASSETCATALOG_COMPILER_GLOBAL_ACCENT_COLOR_NAME = AccentColor;
				CODE_SIGN_STYLE = Automatic;
				CURRENT_PROJECT_VERSION = 1;
				DEVELOPMENT_TEAM = B63NCXYEXK;
				GENERATE_INFOPLIST_FILE = YES;
				INFOPLIST_FILE = "MilestoneP13-15/Info.plist";
				INFOPLIST_KEY_UIApplicationSupportsIndirectInputEvents = YES;
				INFOPLIST_KEY_UILaunchStoryboardName = LaunchScreen;
				INFOPLIST_KEY_UIMainStoryboardFile = Main;
				INFOPLIST_KEY_UISupportedInterfaceOrientations_iPad = "UIInterfaceOrientationPortrait UIInterfaceOrientationPortraitUpsideDown UIInterfaceOrientationLandscapeLeft UIInterfaceOrientationLandscapeRight";
				INFOPLIST_KEY_UISupportedInterfaceOrientations_iPhone = "UIInterfaceOrientationPortrait UIInterfaceOrientationLandscapeLeft UIInterfaceOrientationLandscapeRight";
				LD_RUNPATH_SEARCH_PATHS = (
					"$(inherited)",
					"@executable_path/Frameworks",
				);
				MARKETING_VERSION = 1.0;
				PRODUCT_BUNDLE_IDENTIFIER = "cz.styrax.MilestoneP13-15";
				PRODUCT_NAME = "$(TARGET_NAME)";
				SWIFT_EMIT_LOC_STRINGS = YES;
				SWIFT_VERSION = 5.0;
				TARGETED_DEVICE_FAMILY = "1,2";
			};
			name = Release;
		};
/* End XCBuildConfiguration section */

/* Begin XCConfigurationList section */
		65717CAA291E60C2004FA321 /* Build configuration list for PBXProject "MilestoneP13-15" */ = {
			isa = XCConfigurationList;
			buildConfigurations = (
				65717CC1291E60C4004FA321 /* Debug */,
				65717CC2291E60C4004FA321 /* Release */,
			);
			defaultConfigurationIsVisible = 0;
			defaultConfigurationName = Release;
		};
		65717CC3291E60C4004FA321 /* Build configuration list for PBXNativeTarget "MilestoneP13-15" */ = {
			isa = XCConfigurationList;
			buildConfigurations = (
				65717CC4291E60C4004FA321 /* Debug */,
				65717CC5291E60C4004FA321 /* Release */,
			);
			defaultConfigurationIsVisible = 0;
			defaultConfigurationName = Release;
		};
/* End XCConfigurationList section */
	};
	rootObject = 65717CA7291E60C2004FA321 /* Project object */;
}
