// !$*UTF8*$!
{
	archiveVersion = 1;
	classes = {
	};
	objectVersion = 56;
	objects = {

/* Begin PBXBuildFile section */
		6589DE3228F004090058F1BE /* AppDelegate.swift in Sources */ = {isa = PBXBuildFile; fileRef = 6589DE3128F004090058F1BE /* AppDelegate.swift */; };
		6589DE3428F004090058F1BE /* SceneDelegate.swift in Sources */ = {isa = PBXBuildFile; fileRef = 6589DE3328F004090058F1BE /* SceneDelegate.swift */; };
		6589DE3628F004090058F1BE /* ViewController.swift in Sources */ = {isa = PBXBuildFile; fileRef = 6589DE3528F004090058F1BE /* ViewController.swift */; };
		6589DE3928F004090058F1BE /* Main.storyboard in Resources */ = {isa = PBXBuildFile; fileRef = 6589DE3728F004090058F1BE /* Main.storyboard */; };
		6589DE3B28F0040A0058F1BE /* Assets.xcassets in Resources */ = {isa = PBXBuildFile; fileRef = 6589DE3A28F0040A0058F1BE /* Assets.xcassets */; };
		6589DE3E28F0040A0058F1BE /* LaunchScreen.storyboard in Resources */ = {isa = PBXBuildFile; fileRef = 6589DE3C28F0040A0058F1BE /* LaunchScreen.storyboard */; };
		6589DE4628F005BC0058F1BE /* PersonCell.swift in Sources */ = {isa = PBXBuildFile; fileRef = 6589DE4528F005BC0058F1BE /* PersonCell.swift */; };
		65CB6BB528F3ED8700D62AAC /* Person.swift in Sources */ = {isa = PBXBuildFile; fileRef = 65CB6BB428F3ED8700D62AAC /* Person.swift */; };
/* End PBXBuildFile section */

/* Begin PBXFileReference section */
		6589DE2E28F004090058F1BE /* Project10.app */ = {isa = PBXFileReference; explicitFileType = wrapper.application; includeInIndex = 0; path = Project10.app; sourceTree = BUILT_PRODUCTS_DIR; };
		6589DE3128F004090058F1BE /* AppDelegate.swift */ = {isa = PBXFileReference; lastKnownFileType = sourcecode.swift; path = AppDelegate.swift; sourceTree = "<group>"; };
		6589DE3328F004090058F1BE /* SceneDelegate.swift */ = {isa = PBXFileReference; lastKnownFileType = sourcecode.swift; path = SceneDelegate.swift; sourceTree = "<group>"; };
		6589DE3528F004090058F1BE /* ViewController.swift */ = {isa = PBXFileReference; lastKnownFileType = sourcecode.swift; path = ViewController.swift; sourceTree = "<group>"; };
		6589DE3828F004090058F1BE /* Base */ = {isa = PBXFileReference; lastKnownFileType = file.storyboard; name = Base; path = Base.lproj/Main.storyboard; sourceTree = "<group>"; };
		6589DE3A28F0040A0058F1BE /* Assets.xcassets */ = {isa = PBXFileReference; lastKnownFileType = folder.assetcatalog; path = Assets.xcassets; sourceTree = "<group>"; };
		6589DE3D28F0040A0058F1BE /* Base */ = {isa = PBXFileReference; lastKnownFileType = file.storyboard; name = Base; path = Base.lproj/LaunchScreen.storyboard; sourceTree = "<group>"; };
		6589DE3F28F0040A0058F1BE /* Info.plist */ = {isa = PBXFileReference; lastKnownFileType = text.plist.xml; path = Info.plist; sourceTree = "<group>"; };
		6589DE4528F005BC0058F1BE /* PersonCell.swift */ = {isa = PBXFileReference; lastKnownFileType = sourcecode.swift; path = PersonCell.swift; sourceTree = "<group>"; };
		65CB6BB428F3ED8700D62AAC /* Person.swift */ = {isa = PBXFileReference; lastKnownFileType = sourcecode.swift; path = Person.swift; sourceTree = "<group>"; };
/* End PBXFileReference section */

/* Begin PBXFrameworksBuildPhase section */
		6589DE2B28F004090058F1BE /* Frameworks */ = {
			isa = PBXFrameworksBuildPhase;
			buildActionMask = 2147483647;
			files = (
			);
			runOnlyForDeploymentPostprocessing = 0;
		};
/* End PBXFrameworksBuildPhase section */

/* Begin PBXGroup section */
		6589DE2528F004090058F1BE = {
			isa = PBXGroup;
			children = (
				6589DE3028F004090058F1BE /* Project10 */,
				6589DE2F28F004090058F1BE /* Products */,
			);
			sourceTree = "<group>";
		};
		6589DE2F28F004090058F1BE /* Products */ = {
			isa = PBXGroup;
			children = (
				6589DE2E28F004090058F1BE /* Project10.app */,
			);
			name = Products;
			sourceTree = "<group>";
		};
		6589DE3028F004090058F1BE /* Project10 */ = {
			isa = PBXGroup;
			children = (
				6589DE3128F004090058F1BE /* AppDelegate.swift */,
				6589DE3328F004090058F1BE /* SceneDelegate.swift */,
				6589DE3528F004090058F1BE /* ViewController.swift */,
				65CB6BB428F3ED8700D62AAC /* Person.swift */,
				6589DE3728F004090058F1BE /* Main.storyboard */,
				6589DE4528F005BC0058F1BE /* PersonCell.swift */,
				6589DE3A28F0040A0058F1BE /* Assets.xcassets */,
				6589DE3C28F0040A0058F1BE /* LaunchScreen.storyboard */,
				6589DE3F28F0040A0058F1BE /* Info.plist */,
			);
			path = Project10;
			sourceTree = "<group>";
		};
/* End PBXGroup section */

/* Begin PBXNativeTarget section */
		6589DE2D28F004090058F1BE /* Project10 */ = {
			isa = PBXNativeTarget;
			buildConfigurationList = 6589DE4228F0040A0058F1BE /* Build configuration list for PBXNativeTarget "Project10" */;
			buildPhases = (
				6589DE2A28F004090058F1BE /* Sources */,
				6589DE2B28F004090058F1BE /* Frameworks */,
				6589DE2C28F004090058F1BE /* Resources */,
			);
			buildRules = (
			);
			dependencies = (
			);
			name = Project10;
			productName = Project10;
			productReference = 6589DE2E28F004090058F1BE /* Project10.app */;
			productType = "com.apple.product-type.application";
		};
/* End PBXNativeTarget section */

/* Begin PBXProject section */
		6589DE2628F004090058F1BE /* Project object */ = {
			isa = PBXProject;
			attributes = {
				BuildIndependentTargetsInParallel = 1;
				LastSwiftUpdateCheck = 1400;
				LastUpgradeCheck = 1400;
				TargetAttributes = {
					6589DE2D28F004090058F1BE = {
						CreatedOnToolsVersion = 14.0.1;
					};
				};
			};
			buildConfigurationList = 6589DE2928F004090058F1BE /* Build configuration list for PBXProject "Project10" */;
			compatibilityVersion = "Xcode 14.0";
			developmentRegion = en;
			hasScannedForEncodings = 0;
			knownRegions = (
				en,
				Base,
			);
			mainGroup = 6589DE2528F004090058F1BE;
			productRefGroup = 6589DE2F28F004090058F1BE /* Products */;
			projectDirPath = "";
			projectRoot = "";
			targets = (
				6589DE2D28F004090058F1BE /* Project10 */,
			);
		};
/* End PBXProject section */

/* Begin PBXResourcesBuildPhase section */
		6589DE2C28F004090058F1BE /* Resources */ = {
			isa = PBXResourcesBuildPhase;
			buildActionMask = 2147483647;
			files = (
				6589DE3E28F0040A0058F1BE /* LaunchScreen.storyboard in Resources */,
				6589DE3B28F0040A0058F1BE /* Assets.xcassets in Resources */,
				6589DE3928F004090058F1BE /* Main.storyboard in Resources */,
			);
			runOnlyForDeploymentPostprocessing = 0;
		};
/* End PBXResourcesBuildPhase section */

/* Begin PBXSourcesBuildPhase section */
		6589DE2A28F004090058F1BE /* Sources */ = {
			isa = PBXSourcesBuildPhase;
			buildActionMask = 2147483647;
			files = (
				65CB6BB528F3ED8700D62AAC /* Person.swift in Sources */,
				6589DE3628F004090058F1BE /* ViewController.swift in Sources */,
				6589DE3228F004090058F1BE /* AppDelegate.swift in Sources */,
				6589DE4628F005BC0058F1BE /* PersonCell.swift in Sources */,
				6589DE3428F004090058F1BE /* SceneDelegate.swift in Sources */,
			);
			runOnlyForDeploymentPostprocessing = 0;
		};
/* End PBXSourcesBuildPhase section */

/* Begin PBXVariantGroup section */
		6589DE3728F004090058F1BE /* Main.storyboard */ = {
			isa = PBXVariantGroup;
			children = (
				6589DE3828F004090058F1BE /* Base */,
			);
			name = Main.storyboard;
			sourceTree = "<group>";
		};
		6589DE3C28F0040A0058F1BE /* LaunchScreen.storyboard */ = {
			isa = PBXVariantGroup;
			children = (
				6589DE3D28F0040A0058F1BE /* Base */,
			);
			name = LaunchScreen.storyboard;
			sourceTree = "<group>";
		};
/* End PBXVariantGroup section */

/* Begin XCBuildConfiguration section */
		6589DE4028F0040A0058F1BE /* Debug */ = {
			isa = XCBuildConfiguration;
			buildSettings = {
				ALWAYS_SEARCH_USER_PATHS = NO;
				CLANG_ANALYZER_NONNULL = YES;
				CLANG_ANALYZER_NUMBER_OBJECT_CONVERSION = YES_AGGRESSIVE;
				CLANG_CXX_LANGUAGE_STANDARD = "gnu++20";
				CLANG_ENABLE_MODULES = YES;
				CLANG_ENABLE_OBJC_ARC = YES;
				CLANG_ENABLE_OBJC_WEAK = YES;
				CLANG_WARN_BLOCK_CAPTURE_AUTORELEASING = YES;
				CLANG_WARN_BOOL_CONVERSION = YES;
				CLANG_WARN_COMMA = YES;
				CLANG_WARN_CONSTANT_CONVERSION = YES;
				CLANG_WARN_DEPRECATED_OBJC_IMPLEMENTATIONS = YES;
				CLANG_WARN_DIRECT_OBJC_ISA_USAGE = YES_ERROR;
				CLANG_WARN_DOCUMENTATION_COMMENTS = YES;
				CLANG_WARN_EMPTY_BODY = YES;
				CLANG_WARN_ENUM_CONVERSION = YES;
				CLANG_WARN_INFINITE_RECURSION = YES;
				CLANG_WARN_INT_CONVERSION = YES;
				CLANG_WARN_NON_LITERAL_NULL_CONVERSION = YES;
				CLANG_WARN_OBJC_IMPLICIT_RETAIN_SELF = YES;
				CLANG_WARN_OBJC_LITERAL_CONVERSION = YES;
				CLANG_WARN_OBJC_ROOT_CLASS = YES_ERROR;
				CLANG_WARN_QUOTED_INCLUDE_IN_FRAMEWORK_HEADER = YES;
				CLANG_WARN_RANGE_LOOP_ANALYSIS = YES;
				CLANG_WARN_STRICT_PROTOTYPES = YES;
				CLANG_WARN_SUSPICIOUS_MOVE = YES;
				CLANG_WARN_UNGUARDED_AVAILABILITY = YES_AGGRESSIVE;
				CLANG_WARN_UNREACHABLE_CODE = YES;
				CLANG_WARN__DUPLICATE_METHOD_MATCH = YES;
				COPY_PHASE_STRIP = NO;
				DEBUG_INFORMATION_FORMAT = dwarf;
				ENABLE_STRICT_OBJC_MSGSEND = YES;
				ENABLE_TESTABILITY = YES;
				GCC_C_LANGUAGE_STANDARD = gnu11;
				GCC_DYNAMIC_NO_PIC = NO;
				GCC_NO_COMMON_BLOCKS = YES;
				GCC_OPTIMIZATION_LEVEL = 0;
				GCC_PREPROCESSOR_DEFINITIONS = (
					"DEBUG=1",
					"$(inherited)",
				);
				GCC_WARN_64_TO_32_BIT_CONVERSION = YES;
				GCC_WARN_ABOUT_RETURN_TYPE = YES_ERROR;
				GCC_WARN_UNDECLARED_SELECTOR = YES;
				GCC_WARN_UNINITIALIZED_AUTOS = YES_AGGRESSIVE;
				GCC_WARN_UNUSED_FUNCTION = YES;
				GCC_WARN_UNUSED_VARIABLE = YES;
				IPHONEOS_DEPLOYMENT_TARGET = 16.0;
				MTL_ENABLE_DEBUG_INFO = INCLUDE_SOURCE;
				MTL_FAST_MATH = YES;
				ONLY_ACTIVE_ARCH = YES;
				SDKROOT = iphoneos;
				SWIFT_ACTIVE_COMPILATION_CONDITIONS = DEBUG;
				SWIFT_OPTIMIZATION_LEVEL = "-Onone";
			};
			name = Debug;
		};
		6589DE4128F0040A0058F1BE /* Release */ = {
			isa = XCBuildConfiguration;
			buildSettings = {
				ALWAYS_SEARCH_USER_PATHS = NO;
				CLANG_ANALYZER_NONNULL = YES;
				CLANG_ANALYZER_NUMBER_OBJECT_CONVERSION = YES_AGGRESSIVE;
				CLANG_CXX_LANGUAGE_STANDARD = "gnu++20";
				CLANG_ENABLE_MODULES = YES;
				CLANG_ENABLE_OBJC_ARC = YES;
				CLANG_ENABLE_OBJC_WEAK = YES;
				CLANG_WARN_BLOCK_CAPTURE_AUTORELEASING = YES;
				CLANG_WARN_BOOL_CONVERSION = YES;
				CLANG_WARN_COMMA = YES;
				CLANG_WARN_CONSTANT_CONVERSION = YES;
				CLANG_WARN_DEPRECATED_OBJC_IMPLEMENTATIONS = YES;
				CLANG_WARN_DIRECT_OBJC_ISA_USAGE = YES_ERROR;
				CLANG_WARN_DOCUMENTATION_COMMENTS = YES;
				CLANG_WARN_EMPTY_BODY = YES;
				CLANG_WARN_ENUM_CONVERSION = YES;
				CLANG_WARN_INFINITE_RECURSION = YES;
				CLANG_WARN_INT_CONVERSION = YES;
				CLANG_WARN_NON_LITERAL_NULL_CONVERSION = YES;
				CLANG_WARN_OBJC_IMPLICIT_RETAIN_SELF = YES;
				CLANG_WARN_OBJC_LITERAL_CONVERSION = YES;
				CLANG_WARN_OBJC_ROOT_CLASS = YES_ERROR;
				CLANG_WARN_QUOTED_INCLUDE_IN_FRAMEWORK_HEADER = YES;
				CLANG_WARN_RANGE_LOOP_ANALYSIS = YES;
				CLANG_WARN_STRICT_PROTOTYPES = YES;
				CLANG_WARN_SUSPICIOUS_MOVE = YES;
				CLANG_WARN_UNGUARDED_AVAILABILITY = YES_AGGRESSIVE;
				CLANG_WARN_UNREACHABLE_CODE = YES;
				CLANG_WARN__DUPLICATE_METHOD_MATCH = YES;
				COPY_PHASE_STRIP = NO;
				DEBUG_INFORMATION_FORMAT = "dwarf-with-dsym";
				ENABLE_NS_ASSERTIONS = NO;
				ENABLE_STRICT_OBJC_MSGSEND = YES;
				GCC_C_LANGUAGE_STANDARD = gnu11;
				GCC_NO_COMMON_BLOCKS = YES;
				GCC_WARN_64_TO_32_BIT_CONVERSION = YES;
				GCC_WARN_ABOUT_RETURN_TYPE = YES_ERROR;
				GCC_WARN_UNDECLARED_SELECTOR = YES;
				GCC_WARN_UNINITIALIZED_AUTOS = YES_AGGRESSIVE;
				GCC_WARN_UNUSED_FUNCTION = YES;
				GCC_WARN_UNUSED_VARIABLE = YES;
				IPHONEOS_DEPLOYMENT_TARGET = 16.0;
				MTL_ENABLE_DEBUG_INFO = NO;
				MTL_FAST_MATH = YES;
				SDKROOT = iphoneos;
				SWIFT_COMPILATION_MODE = wholemodule;
				SWIFT_OPTIMIZATION_LEVEL = "-O";
				VALIDATE_PRODUCT = YES;
			};
			name = Release;
		};
		6589DE4328F0040A0058F1BE /* Debug */ = {
			isa = XCBuildConfiguration;
			buildSettings = {
				ASSETCATALOG_COMPILER_APPICON_NAME = AppIcon;
				ASSETCATALOG_COMPILER_GLOBAL_ACCENT_COLOR_NAME = AccentColor;
				CODE_SIGN_STYLE = Automatic;
				CURRENT_PROJECT_VERSION = 1;
				DEVELOPMENT_TEAM = B63NCXYEXK;
				GENERATE_INFOPLIST_FILE = YES;
				INFOPLIST_FILE = Project10/Info.plist;
				INFOPLIST_KEY_NSCameraUsageDescription = "We will take photos to create persons.";
				INFOPLIST_KEY_UIApplicationSupportsIndirectInputEvents = YES;
				INFOPLIST_KEY_UILaunchStoryboardName = LaunchScreen;
				INFOPLIST_KEY_UIMainStoryboardFile = Main;
				INFOPLIST_KEY_UISupportedInterfaceOrientations_iPad = "UIInterfaceOrientationPortrait UIInterfaceOrientationPortraitUpsideDown UIInterfaceOrientationLandscapeLeft UIInterfaceOrientationLandscapeRight";
				INFOPLIST_KEY_UISupportedInterfaceOrientations_iPhone = "UIInterfaceOrientationPortrait UIInterfaceOrientationLandscapeLeft UIInterfaceOrientationLandscapeRight";
				LD_RUNPATH_SEARCH_PATHS = (
					"$(inherited)",
					"@executable_path/Frameworks",
				);
				MARKETING_VERSION = 1.0;
				PRODUCT_BUNDLE_IDENTIFIER = cz.styrax.Project10;
				PRODUCT_NAME = "$(TARGET_NAME)";
				SWIFT_EMIT_LOC_STRINGS = YES;
				SWIFT_VERSION = 5.0;
				TARGETED_DEVICE_FAMILY = "1,2";
			};
			name = Debug;
		};
		6589DE4428F0040A0058F1BE /* Release */ = {
			isa = XCBuildConfiguration;
			buildSettings = {
				ASSETCATALOG_COMPILER_APPICON_NAME = AppIcon;
				ASSETCATALOG_COMPILER_GLOBAL_ACCENT_COLOR_NAME = AccentColor;
				CODE_SIGN_STYLE = Automatic;
				CURRENT_PROJECT_VERSION = 1;
				DEVELOPMENT_TEAM = B63NCXYEXK;
				GENERATE_INFOPLIST_FILE = YES;
				INFOPLIST_FILE = Project10/Info.plist;
				INFOPLIST_KEY_NSCameraUsageDescription = "We will take photos to create persons.";
				INFOPLIST_KEY_UIApplicationSupportsIndirectInputEvents = YES;
				INFOPLIST_KEY_UILaunchStoryboardName = LaunchScreen;
				INFOPLIST_KEY_UIMainStoryboardFile = Main;
				INFOPLIST_KEY_UISupportedInterfaceOrientations_iPad = "UIInterfaceOrientationPortrait UIInterfaceOrientationPortraitUpsideDown UIInterfaceOrientationLandscapeLeft UIInterfaceOrientationLandscapeRight";
				INFOPLIST_KEY_UISupportedInterfaceOrientations_iPhone = "UIInterfaceOrientationPortrait UIInterfaceOrientationLandscapeLeft UIInterfaceOrientationLandscapeRight";
				LD_RUNPATH_SEARCH_PATHS = (
					"$(inherited)",
					"@executable_path/Frameworks",
				);
				MARKETING_VERSION = 1.0;
				PRODUCT_BUNDLE_IDENTIFIER = cz.styrax.Project10;
				PRODUCT_NAME = "$(TARGET_NAME)";
				SWIFT_EMIT_LOC_STRINGS = YES;
				SWIFT_VERSION = 5.0;
				TARGETED_DEVICE_FAMILY = "1,2";
			};
			name = Release;
		};
/* End XCBuildConfiguration section */

/* Begin XCConfigurationList section */
		6589DE2928F004090058F1BE /* Build configuration list for PBXProject "Project10" */ = {
			isa = XCConfigurationList;
			buildConfigurations = (
				6589DE4028F0040A0058F1BE /* Debug */,
				6589DE4128F0040A0058F1BE /* Release */,
			);
			defaultConfigurationIsVisible = 0;
			defaultConfigurationName = Release;
		};
		6589DE4228F0040A0058F1BE /* Build configuration list for PBXNativeTarget "Project10" */ = {
			isa = XCConfigurationList;
			buildConfigurations = (
				6589DE4328F0040A0058F1BE /* Debug */,
				6589DE4428F0040A0058F1BE /* Release */,
			);
			defaultConfigurationIsVisible = 0;
			defaultConfigurationName = Release;
		};
/* End XCConfigurationList section */
	};
	rootObject = 6589DE2628F004090058F1BE /* Project object */;
}
